
Microsoft Visual Studio Solution File, Format Version 12.00
# Visual Studio 15
VisualStudioVersion = 15.0.27130.2027
MinimumVisualStudioVersion = 10.0.40219.1
Project("{FAE04EC0-301F-11D3-BF4B-00C04F79EFBC}") = "Clima.Android", "Clima\Clima.Android\Clima.Android.csproj", "{6B12EC4A-BAEA-4972-830E-6BF466396325}"
EndProject
Project("{FAE04EC0-301F-11D3-BF4B-00C04F79EFBC}") = "Clima.iOS", "Clima\Clima.iOS\Clima.iOS.csproj", "{0C10B0F1-0D38-46EF-B1B0-B12B6119D7A3}"
EndProject
Project("{FAE04EC0-301F-11D3-BF4B-00C04F79EFBC}") = "Clima", "Clima\Clima\Clima.csproj", "{992350B7-61B3-4149-AC85-AD5F88940C76}"
EndProject
Global
	GlobalSection(SolutionConfigurationPlatforms) = preSolution
		Ad-Hoc|Any CPU = Ad-Hoc|Any CPU
		Ad-Hoc|iPhone = Ad-Hoc|iPhone
		Ad-Hoc|iPhoneSimulator = Ad-Hoc|iPhoneSimulator
		AppStore|Any CPU = AppStore|Any CPU
		AppStore|iPhone = AppStore|iPhone
		AppStore|iPhoneSimulator = AppStore|iPhoneSimulator
		Debug|Any CPU = Debug|Any CPU
		Debug|iPhone = Debug|iPhone
		Debug|iPhoneSimulator = Debug|iPhoneSimulator
		Release|Any CPU = Release|Any CPU
		Release|iPhone = Release|iPhone
		Release|iPhoneSimulator = Release|iPhoneSimulator
	EndGlobalSection
	GlobalSection(ProjectConfigurationPlatforms) = postSolution
		{6B12EC4A-BAEA-4972-830E-6BF466396325}.Ad-Hoc|Any CPU.ActiveCfg = Release|Any CPU
		{6B12EC4A-BAEA-4972-830E-6BF466396325}.Ad-Hoc|Any CPU.Build.0 = Release|Any CPU
		{6B12EC4A-BAEA-4972-830E-6BF466396325}.Ad-Hoc|Any CPU.Deploy.0 = Release|Any CPU
		{6B12EC4A-BAEA-4972-830E-6BF466396325}.Ad-Hoc|iPhone.ActiveCfg = Release|Any CPU
		{6B12EC4A-BAEA-4972-830E-6BF466396325}.Ad-Hoc|iPhone.Build.0 = Release|Any CPU
		{6B12EC4A-BAEA-4972-830E-6BF466396325}.Ad-Hoc|iPhone.Deploy.0 = Release|Any CPU
		{6B12EC4A-BAEA-4972-830E-6BF466396325}.Ad-Hoc|iPhoneSimulator.ActiveCfg = Release|Any CPU
		{6B12EC4A-BAEA-4972-830E-6BF466396325}.Ad-Hoc|iPhoneSimulator.Build.0 = Release|Any CPU
		{6B12EC4A-BAEA-4972-830E-6BF466396325}.Ad-Hoc|iPhoneSimulator.Deploy.0 = Release|Any CPU
		{6B12EC4A-BAEA-4972-830E-6BF466396325}.AppStore|Any CPU.ActiveCfg = Release|Any CPU
		{6B12EC4A-BAEA-4972-830E-6BF466396325}.AppStore|Any CPU.Build.0 = Release|Any CPU
		{6B12EC4A-BAEA-4972-830E-6BF466396325}.AppStore|Any CPU.Deploy.0 = Release|Any CPU
		{6B12EC4A-BAEA-4972-830E-6BF466396325}.AppStore|iPhone.ActiveCfg = Release|Any CPU
		{6B12EC4A-BAEA-4972-830E-6BF466396325}.AppStore|iPhone.Build.0 = Release|Any CPU
		{6B12EC4A-BAEA-4972-830E-6BF466396325}.AppStore|iPhone.Deploy.0 = Release|Any CPU
		{6B12EC4A-BAEA-4972-830E-6BF466396325}.AppStore|iPhoneSimulator.ActiveCfg = Release|Any CPU
		{6B12EC4A-BAEA-4972-830E-6BF466396325}.AppStore|iPhoneSimulator.Build.0 = Release|Any CPU
		{6B12EC4A-BAEA-4972-830E-6BF466396325}.AppStore|iPhoneSimulator.Deploy.0 = Release|Any CPU
		{6B12EC4A-BAEA-4972-830E-6BF466396325}.Debug|Any CPU.ActiveCfg = Debug|Any CPU
		{6B12EC4A-BAEA-4972-830E-6BF466396325}.Debug|Any CPU.Build.0 = Debug|Any CPU
		{6B12EC4A-BAEA-4972-830E-6BF466396325}.Debug|Any CPU.Deploy.0 = Debug|Any CPU
		{6B12EC4A-BAEA-4972-830E-6BF466396325}.Debug|iPhone.ActiveCfg = Debug|Any CPU
		{6B12EC4A-BAEA-4972-830E-6BF466396325}.Debug|iPhone.Build.0 = Debug|Any CPU
		{6B12EC4A-BAEA-4972-830E-6BF466396325}.Debug|iPhone.Deploy.0 = Debug|Any CPU
		{6B12EC4A-BAEA-4972-830E-6BF466396325}.Debug|iPhoneSimulator.ActiveCfg = Debug|Any CPU
		{6B12EC4A-BAEA-4972-830E-6BF466396325}.Debug|iPhoneSimulator.Build.0 = Debug|Any CPU
		{6B12EC4A-BAEA-4972-830E-6BF466396325}.Debug|iPhoneSimulator.Deploy.0 = Debug|Any CPU
		{6B12EC4A-BAEA-4972-830E-6BF466396325}.Release|Any CPU.ActiveCfg = Release|Any CPU
		{6B12EC4A-BAEA-4972-830E-6BF466396325}.Release|Any CPU.Build.0 = Release|Any CPU
		{6B12EC4A-BAEA-4972-830E-6BF466396325}.Release|Any CPU.Deploy.0 = Release|Any CPU
		{6B12EC4A-BAEA-4972-830E-6BF466396325}.Release|iPhone.ActiveCfg = Release|Any CPU
		{6B12EC4A-BAEA-4972-830E-6BF466396325}.Release|iPhone.Build.0 = Release|Any CPU
		{6B12EC4A-BAEA-4972-830E-6BF466396325}.Release|iPhone.Deploy.0 = Release|Any CPU
		{6B12EC4A-BAEA-4972-830E-6BF466396325}.Release|iPhoneSimulator.ActiveCfg = Release|Any CPU
		{6B12EC4A-BAEA-4972-830E-6BF466396325}.Release|iPhoneSimulator.Build.0 = Release|Any CPU
		{6B12EC4A-BAEA-4972-830E-6BF466396325}.Release|iPhoneSimulator.Deploy.0 = Release|Any CPU
		{0C10B0F1-0D38-46EF-B1B0-B12B6119D7A3}.Ad-Hoc|Any CPU.ActiveCfg = Ad-Hoc|iPhone
		{0C10B0F1-0D38-46EF-B1B0-B12B6119D7A3}.Ad-Hoc|iPhone.ActiveCfg = Ad-Hoc|iPhone
		{0C10B0F1-0D38-46EF-B1B0-B12B6119D7A3}.Ad-Hoc|iPhone.Build.0 = Ad-Hoc|iPhone
		{0C10B0F1-0D38-46EF-B1B0-B12B6119D7A3}.Ad-Hoc|iPhoneSimulator.ActiveCfg = Ad-Hoc|iPhoneSimulator
		{0C10B0F1-0D38-46EF-B1B0-B12B6119D7A3}.Ad-Hoc|iPhoneSimulator.Build.0 = Ad-Hoc|iPhoneSimulator
		{0C10B0F1-0D38-46EF-B1B0-B12B6119D7A3}.AppStore|Any CPU.ActiveCfg = AppStore|iPhone
		{0C10B0F1-0D38-46EF-B1B0-B12B6119D7A3}.AppStore|iPhone.ActiveCfg = AppStore|iPhone
		{0C10B0F1-0D38-46EF-B1B0-B12B6119D7A3}.AppStore|iPhone.Build.0 = AppStore|iPhone
		{0C10B0F1-0D38-46EF-B1B0-B12B6119D7A3}.AppStore|iPhoneSimulator.ActiveCfg = AppStore|iPhoneSimulator
		{0C10B0F1-0D38-46EF-B1B0-B12B6119D7A3}.AppStore|iPhoneSimulator.Build.0 = AppStore|iPhoneSimulator
		{0C10B0F1-0D38-46EF-B1B0-B12B6119D7A3}.Debug|Any CPU.ActiveCfg = Debug|iPhone
		{0C10B0F1-0D38-46EF-B1B0-B12B6119D7A3}.Debug|iPhone.ActiveCfg = Debug|iPhone
		{0C10B0F1-0D38-46EF-B1B0-B12B6119D7A3}.Debug|iPhone.Build.0 = Debug|iPhone
		{0C10B0F1-0D38-46EF-B1B0-B12B6119D7A3}.Debug|iPhoneSimulator.ActiveCfg = Debug|iPhoneSimulator
		{0C10B0F1-0D38-46EF-B1B0-B12B6119D7A3}.Debug|iPhoneSimulator.Build.0 = Debug|iPhoneSimulator
		{0C10B0F1-0D38-46EF-B1B0-B12B6119D7A3}.Release|Any CPU.ActiveCfg = Release|iPhone
		{0C10B0F1-0D38-46EF-B1B0-B12B6119D7A3}.Release|iPhone.ActiveCfg = Release|iPhone
		{0C10B0F1-0D38-46EF-B1B0-B12B6119D7A3}.Release|iPhone.Build.0 = Release|iPhone
		{0C10B0F1-0D38-46EF-B1B0-B12B6119D7A3}.Release|iPhoneSimulator.ActiveCfg = Release|iPhoneSimulator
		{0C10B0F1-0D38-46EF-B1B0-B12B6119D7A3}.Release|iPhoneSimulator.Build.0 = Release|iPhoneSimulator
		{992350B7-61B3-4149-AC85-AD5F88940C76}.Ad-Hoc|Any CPU.ActiveCfg = Debug|Any CPU
		{992350B7-61B3-4149-AC85-AD5F88940C76}.Ad-Hoc|Any CPU.Build.0 = Debug|Any CPU
		{992350B7-61B3-4149-AC85-AD5F88940C76}.Ad-Hoc|iPhone.ActiveCfg = Debug|Any CPU
		{992350B7-61B3-4149-AC85-AD5F88940C76}.Ad-Hoc|iPhone.Build.0 = Debug|Any CPU
		{992350B7-61B3-4149-AC85-AD5F88940C76}.Ad-Hoc|iPhoneSimulator.ActiveCfg = Debug|Any CPU
		{992350B7-61B3-4149-AC85-AD5F88940C76}.Ad-Hoc|iPhoneSimulator.Build.0 = Debug|Any CPU
		{992350B7-61B3-4149-AC85-AD5F88940C76}.AppStore|Any CPU.ActiveCfg = Debug|Any CPU
		{992350B7-61B3-4149-AC85-AD5F88940C76}.AppStore|Any CPU.Build.0 = Debug|Any CPU
		{992350B7-61B3-4149-AC85-AD5F88940C76}.AppStore|iPhone.ActiveCfg = Debug|Any CPU
		{992350B7-61B3-4149-AC85-AD5F88940C76}.AppStore|iPhone.Build.0 = Debug|Any CPU
		{992350B7-61B3-4149-AC85-AD5F88940C76}.AppStore|iPhoneSimulator.ActiveCfg = Debug|Any CPU
		{992350B7-61B3-4149-AC85-AD5F88940C76}.AppStore|iPhoneSimulator.Build.0 = Debug|Any CPU
		{992350B7-61B3-4149-AC85-AD5F88940C76}.Debug|Any CPU.ActiveCfg = Debug|Any CPU
		{992350B7-61B3-4149-AC85-AD5F88940C76}.Debug|Any CPU.Build.0 = Debug|Any CPU
		{992350B7-61B3-4149-AC85-AD5F88940C76}.Debug|iPhone.ActiveCfg = Debug|Any CPU
		{992350B7-61B3-4149-AC85-AD5F88940C76}.Debug|iPhone.Build.0 = Debug|Any CPU
		{992350B7-61B3-4149-AC85-AD5F88940C76}.Debug|iPhoneSimulator.ActiveCfg = Debug|Any CPU
		{992350B7-61B3-4149-AC85-AD5F88940C76}.Debug|iPhoneSimulator.Build.0 = Debug|Any CPU
		{992350B7-61B3-4149-AC85-AD5F88940C76}.Release|Any CPU.ActiveCfg = Release|Any CPU
		{992350B7-61B3-4149-AC85-AD5F88940C76}.Release|Any CPU.Build.0 = Release|Any CPU
		{992350B7-61B3-4149-AC85-AD5F88940C76}.Release|iPhone.ActiveCfg = Release|Any CPU
		{992350B7-61B3-4149-AC85-AD5F88940C76}.Release|iPhone.Build.0 = Release|Any CPU
		{992350B7-61B3-4149-AC85-AD5F88940C76}.Release|iPhoneSimulator.ActiveCfg = Release|Any CPU
		{992350B7-61B3-4149-AC85-AD5F88940C76}.Release|iPhoneSimulator.Build.0 = Release|Any CPU
	EndGlobalSection
	GlobalSection(SolutionProperties) = preSolution
		HideSolutionNode = FALSE
	EndGlobalSection
	GlobalSection(ExtensibilityGlobals) = postSolution
		SolutionGuid = {F43F960A-6372-44E7-BEED-09F767DF862B}
	EndGlobalSection
EndGlobal
